
Microsoft Visual Studio Solution File, Format Version 12.00
# Visual Studio Version 16
VisualStudioVersion = 16.0.30523.141
MinimumVisualStudioVersion = 10.0.40219.1
Project("{9A19103F-16F7-4668-BE54-9A1E7A4F7556}") = "DAL", "DAL\DAL.csproj", "{C75F3924-5077-46FB-ABC2-B2F30FD903CE}"
EndProject
Project("{9A19103F-16F7-4668-BE54-9A1E7A4F7556}") = "NinjaManager", "NinjaManager\NinjaManager.csproj", "{15C24734-21B6-4FD8-9915-D27688AFFF15}"
EndProject
Project("{9A19103F-16F7-4668-BE54-9A1E7A4F7556}") = "ModelLayer", "ModelLayer\ModelLayer.csproj", "{39354E96-E8C0-416E-9DDF-AC63E754AE38}"
EndProject
Global
	GlobalSection(SolutionConfigurationPlatforms) = preSolution
		Debug|Any CPU = Debug|Any CPU
		Release|Any CPU = Release|Any CPU
	EndGlobalSection
	GlobalSection(ProjectConfigurationPlatforms) = postSolution
		{C75F3924-5077-46FB-ABC2-B2F30FD903CE}.Debug|Any CPU.ActiveCfg = Debug|Any CPU
		{C75F3924-5077-46FB-ABC2-B2F30FD903CE}.Debug|Any CPU.Build.0 = Debug|Any CPU
		{C75F3924-5077-46FB-ABC2-B2F30FD903CE}.Release|Any CPU.ActiveCfg = Release|Any CPU
		{C75F3924-5077-46FB-ABC2-B2F30FD903CE}.Release|Any CPU.Build.0 = Release|Any CPU
		{15C24734-21B6-4FD8-9915-D27688AFFF15}.Debug|Any CPU.ActiveCfg = Debug|Any CPU
		{15C24734-21B6-4FD8-9915-D27688AFFF15}.Debug|Any CPU.Build.0 = Debug|Any CPU
		{15C24734-21B6-4FD8-9915-D27688AFFF15}.Release|Any CPU.ActiveCfg = Release|Any CPU
		{15C24734-21B6-4FD8-9915-D27688AFFF15}.Release|Any CPU.Build.0 = Release|Any CPU
		{39354E96-E8C0-416E-9DDF-AC63E754AE38}.Debug|Any CPU.ActiveCfg = Debug|Any CPU
		{39354E96-E8C0-416E-9DDF-AC63E754AE38}.Debug|Any CPU.Build.0 = Debug|Any CPU
		{39354E96-E8C0-416E-9DDF-AC63E754AE38}.Release|Any CPU.ActiveCfg = Release|Any CPU
		{39354E96-E8C0-416E-9DDF-AC63E754AE38}.Release|Any CPU.Build.0 = Release|Any CPU
	EndGlobalSection
	GlobalSection(SolutionProperties) = preSolution
		HideSolutionNode = FALSE
	EndGlobalSection
	GlobalSection(ExtensibilityGlobals) = postSolution
		SolutionGuid = {57A903F0-9F3B-4535-922F-5EAF4C8A143D}
	EndGlobalSection
EndGlobal
